
Microsoft Visual Studio Solution File, Format Version 12.00
# Visual Studio 15
VisualStudioVersion = 15.0.26730.12
MinimumVisualStudioVersion = 10.0.40219.1
Project("{FAE04EC0-301F-11D3-BF4B-00C04F79EFBC}") = "ScaffoldFromDatabase", "ScaffoldFromDatabase\ScaffoldFromDatabase.csproj", "{6B55085E-A815-4886-80ED-143F3C091841}"
EndProject
Global
	GlobalSection(SolutionConfigurationPlatforms) = preSolution
		Debug|Any CPU = Debug|Any CPU
		Release|Any CPU = Release|Any CPU
	EndGlobalSection
	GlobalSection(ProjectConfigurationPlatforms) = postSolution
		{6B55085E-A815-4886-80ED-143F3C091841}.Debug|Any CPU.ActiveCfg = Debug|Any CPU
		{6B55085E-A815-4886-80ED-143F3C091841}.Debug|Any CPU.Build.0 = Debug|Any CPU
		{6B55085E-A815-4886-80ED-143F3C091841}.Release|Any CPU.ActiveCfg = Release|Any CPU
		{6B55085E-A815-4886-80ED-143F3C091841}.Release|Any CPU.Build.0 = Release|Any CPU
	EndGlobalSection
	GlobalSection(SolutionProperties) = preSolution
		HideSolutionNode = FALSE
	EndGlobalSection
	GlobalSection(ExtensibilityGlobals) = postSolution
		SolutionGuid = {FB43FA1E-3E58-49C6-8CE0-67D4B3F3C7E0}
	EndGlobalSection
EndGlobal
